
Microsoft Visual Studio Solution File, Format Version 12.00
# Visual Studio Version 17
VisualStudioVersion = 17.9.34902.65
MinimumVisualStudioVersion = 10.0.40219.1
Project("{FAE04EC0-301F-11D3-BF4B-00C04F79EFBC}") = "Miotto.Tasks.API", "Miotto.Tasks\Miotto.Tasks.API.csproj", "{3CE8FA7D-A363-4F19-9A74-C837DF485EA6}"
EndProject
Project("{FAE04EC0-301F-11D3-BF4B-00C04F79EFBC}") = "Miotto.Tasks.Domain", "Miotto.Tasks.Domain\Miotto.Tasks.Domain.csproj", "{31CE4A48-1FB0-4308-ABBE-D1C1B8E8A3BC}"
EndProject
Project("{FAE04EC0-301F-11D3-BF4B-00C04F79EFBC}") = "Miotto.Tasks.Util", "Miotto.Tasks.Util\Miotto.Tasks.Util.csproj", "{E344DC21-7BB4-412F-A29F-10471588F6A2}"
EndProject
Project("{FAE04EC0-301F-11D3-BF4B-00C04F79EFBC}") = "Miotto.Tasks.Infra", "Miotto.Tasks.Infra\Miotto.Tasks.Infra.csproj", "{05089FA3-EBC3-4398-843B-387C7E26B4DF}"
EndProject
Project("{FAE04EC0-301F-11D3-BF4B-00C04F79EFBC}") = "Miotto.Tasks.Service", "Miotto.Tasks.Service\Miotto.Tasks.Service.csproj", "{59560D0B-19E1-497E-98E5-6D68797B1151}"
EndProject
Global
	GlobalSection(SolutionConfigurationPlatforms) = preSolution
		Debug|Any CPU = Debug|Any CPU
		Release|Any CPU = Release|Any CPU
	EndGlobalSection
	GlobalSection(ProjectConfigurationPlatforms) = postSolution
		{3CE8FA7D-A363-4F19-9A74-C837DF485EA6}.Debug|Any CPU.ActiveCfg = Debug|Any CPU
		{3CE8FA7D-A363-4F19-9A74-C837DF485EA6}.Debug|Any CPU.Build.0 = Debug|Any CPU
		{3CE8FA7D-A363-4F19-9A74-C837DF485EA6}.Release|Any CPU.ActiveCfg = Release|Any CPU
		{3CE8FA7D-A363-4F19-9A74-C837DF485EA6}.Release|Any CPU.Build.0 = Release|Any CPU
		{31CE4A48-1FB0-4308-ABBE-D1C1B8E8A3BC}.Debug|Any CPU.ActiveCfg = Debug|Any CPU
		{31CE4A48-1FB0-4308-ABBE-D1C1B8E8A3BC}.Debug|Any CPU.Build.0 = Debug|Any CPU
		{31CE4A48-1FB0-4308-ABBE-D1C1B8E8A3BC}.Release|Any CPU.ActiveCfg = Release|Any CPU
		{31CE4A48-1FB0-4308-ABBE-D1C1B8E8A3BC}.Release|Any CPU.Build.0 = Release|Any CPU
		{E344DC21-7BB4-412F-A29F-10471588F6A2}.Debug|Any CPU.ActiveCfg = Debug|Any CPU
		{E344DC21-7BB4-412F-A29F-10471588F6A2}.Debug|Any CPU.Build.0 = Debug|Any CPU
		{E344DC21-7BB4-412F-A29F-10471588F6A2}.Release|Any CPU.ActiveCfg = Release|Any CPU
		{E344DC21-7BB4-412F-A29F-10471588F6A2}.Release|Any CPU.Build.0 = Release|Any CPU
		{05089FA3-EBC3-4398-843B-387C7E26B4DF}.Debug|Any CPU.ActiveCfg = Debug|Any CPU
		{05089FA3-EBC3-4398-843B-387C7E26B4DF}.Debug|Any CPU.Build.0 = Debug|Any CPU
		{05089FA3-EBC3-4398-843B-387C7E26B4DF}.Release|Any CPU.ActiveCfg = Release|Any CPU
		{05089FA3-EBC3-4398-843B-387C7E26B4DF}.Release|Any CPU.Build.0 = Release|Any CPU
		{59560D0B-19E1-497E-98E5-6D68797B1151}.Debug|Any CPU.ActiveCfg = Debug|Any CPU
		{59560D0B-19E1-497E-98E5-6D68797B1151}.Debug|Any CPU.Build.0 = Debug|Any CPU
		{59560D0B-19E1-497E-98E5-6D68797B1151}.Release|Any CPU.ActiveCfg = Release|Any CPU
		{59560D0B-19E1-497E-98E5-6D68797B1151}.Release|Any CPU.Build.0 = Release|Any CPU
	EndGlobalSection
	GlobalSection(SolutionProperties) = preSolution
		HideSolutionNode = FALSE
	EndGlobalSection
	GlobalSection(ExtensibilityGlobals) = postSolution
		SolutionGuid = {01A7E198-C114-41FC-82C3-990B9A4F7806}
	EndGlobalSection
EndGlobal
